
Microsoft Visual Studio Solution File, Format Version 12.00
# Visual Studio 15
VisualStudioVersion = 15.0.27428.2043
MinimumVisualStudioVersion = 10.0.40219.1
Project("{FAE04EC0-301F-11D3-BF4B-00C04F79EFBC}") = "HelloWorld", "HelloWorld\HelloWorld.csproj", "{AFECB5EF-3371-4D1C-A113-CA55AC23C51A}"
EndProject
Project("{FAE04EC0-301F-11D3-BF4B-00C04F79EFBC}") = "TwoViews", "TwoViews\TwoViews.csproj", "{CA7500ED-96DA-490B-BFF4-DAFF1207F752}"
EndProject
Project("{FAE04EC0-301F-11D3-BF4B-00C04F79EFBC}") = "MultiView", "MultiView\MultiView.csproj", "{7317263D-4EFF-42A5-807B-E4C280DC1F01}"
EndProject
Project("{FAE04EC0-301F-11D3-BF4B-00C04F79EFBC}") = "UwpMvvmLight_1", "UwpMvvmLight_1\UwpMvvmLight_1.csproj", "{CE34AE4D-C718-4750-8B27-DB89F6760C52}"
EndProject
Project("{FAE04EC0-301F-11D3-BF4B-00C04F79EFBC}") = "UwpTwoViews", "UwpTwoViews\UwpTwoViews.csproj", "{8FC2F444-77DF-4BAC-B4E7-F2DFEB494824}"
EndProject
Project("{FAE04EC0-301F-11D3-BF4B-00C04F79EFBC}") = "UwpSplitView", "UwpSplitView\UwpSplitView.csproj", "{EED82FD5-B1E6-445E-9022-54EE83568004}"
EndProject
Project("{FAE04EC0-301F-11D3-BF4B-00C04F79EFBC}") = "MvvmLight1", "MvvmLight1\MvvmLight1.csproj", "{B6A43E0E-C408-45BA-9213-E01DC726D95F}"
EndProject
Project("{FAE04EC0-301F-11D3-BF4B-00C04F79EFBC}") = "UwpSplitViewMultiPage", "UwpSplitViewMultiPage\UwpSplitViewMultiPage.csproj", "{82D56214-823B-4073-A666-B9A3A68B7666}"
EndProject
Project("{FAE04EC0-301F-11D3-BF4B-00C04F79EFBC}") = "WpfNavigationApp", "WpfNavigationApp\WpfNavigationApp.csproj", "{81D73106-85F2-4D9D-921A-99B97D1733F2}"
EndProject
Global
	GlobalSection(SolutionConfigurationPlatforms) = preSolution
		Debug|Any CPU = Debug|Any CPU
		Debug|ARM = Debug|ARM
		Debug|x64 = Debug|x64
		Debug|x86 = Debug|x86
		Release|Any CPU = Release|Any CPU
		Release|ARM = Release|ARM
		Release|x64 = Release|x64
		Release|x86 = Release|x86
	EndGlobalSection
	GlobalSection(ProjectConfigurationPlatforms) = postSolution
		{AFECB5EF-3371-4D1C-A113-CA55AC23C51A}.Debug|Any CPU.ActiveCfg = Debug|x86
		{AFECB5EF-3371-4D1C-A113-CA55AC23C51A}.Debug|ARM.ActiveCfg = Debug|x86
		{AFECB5EF-3371-4D1C-A113-CA55AC23C51A}.Debug|x64.ActiveCfg = Debug|x86
		{AFECB5EF-3371-4D1C-A113-CA55AC23C51A}.Debug|x86.ActiveCfg = Debug|x86
		{AFECB5EF-3371-4D1C-A113-CA55AC23C51A}.Debug|x86.Build.0 = Debug|x86
		{AFECB5EF-3371-4D1C-A113-CA55AC23C51A}.Release|Any CPU.ActiveCfg = Release|x86
		{AFECB5EF-3371-4D1C-A113-CA55AC23C51A}.Release|ARM.ActiveCfg = Release|x86
		{AFECB5EF-3371-4D1C-A113-CA55AC23C51A}.Release|x64.ActiveCfg = Release|x86
		{AFECB5EF-3371-4D1C-A113-CA55AC23C51A}.Release|x86.ActiveCfg = Release|x86
		{AFECB5EF-3371-4D1C-A113-CA55AC23C51A}.Release|x86.Build.0 = Release|x86
		{CA7500ED-96DA-490B-BFF4-DAFF1207F752}.Debug|Any CPU.ActiveCfg = Debug|x86
		{CA7500ED-96DA-490B-BFF4-DAFF1207F752}.Debug|ARM.ActiveCfg = Debug|x86
		{CA7500ED-96DA-490B-BFF4-DAFF1207F752}.Debug|x64.ActiveCfg = Debug|x86
		{CA7500ED-96DA-490B-BFF4-DAFF1207F752}.Debug|x86.ActiveCfg = Debug|x86
		{CA7500ED-96DA-490B-BFF4-DAFF1207F752}.Debug|x86.Build.0 = Debug|x86
		{CA7500ED-96DA-490B-BFF4-DAFF1207F752}.Release|Any CPU.ActiveCfg = Release|x86
		{CA7500ED-96DA-490B-BFF4-DAFF1207F752}.Release|ARM.ActiveCfg = Release|x86
		{CA7500ED-96DA-490B-BFF4-DAFF1207F752}.Release|x64.ActiveCfg = Release|x86
		{CA7500ED-96DA-490B-BFF4-DAFF1207F752}.Release|x86.ActiveCfg = Release|x86
		{CA7500ED-96DA-490B-BFF4-DAFF1207F752}.Release|x86.Build.0 = Release|x86
		{7317263D-4EFF-42A5-807B-E4C280DC1F01}.Debug|Any CPU.ActiveCfg = Debug|Any CPU
		{7317263D-4EFF-42A5-807B-E4C280DC1F01}.Debug|Any CPU.Build.0 = Debug|Any CPU
		{7317263D-4EFF-42A5-807B-E4C280DC1F01}.Debug|ARM.ActiveCfg = Debug|Any CPU
		{7317263D-4EFF-42A5-807B-E4C280DC1F01}.Debug|ARM.Build.0 = Debug|Any CPU
		{7317263D-4EFF-42A5-807B-E4C280DC1F01}.Debug|x64.ActiveCfg = Debug|Any CPU
		{7317263D-4EFF-42A5-807B-E4C280DC1F01}.Debug|x64.Build.0 = Debug|Any CPU
		{7317263D-4EFF-42A5-807B-E4C280DC1F01}.Debug|x86.ActiveCfg = Debug|Any CPU
		{7317263D-4EFF-42A5-807B-E4C280DC1F01}.Debug|x86.Build.0 = Debug|Any CPU
		{7317263D-4EFF-42A5-807B-E4C280DC1F01}.Release|Any CPU.ActiveCfg = Release|Any CPU
		{7317263D-4EFF-42A5-807B-E4C280DC1F01}.Release|Any CPU.Build.0 = Release|Any CPU
		{7317263D-4EFF-42A5-807B-E4C280DC1F01}.Release|ARM.ActiveCfg = Release|Any CPU
		{7317263D-4EFF-42A5-807B-E4C280DC1F01}.Release|ARM.Build.0 = Release|Any CPU
		{7317263D-4EFF-42A5-807B-E4C280DC1F01}.Release|x64.ActiveCfg = Release|Any CPU
		{7317263D-4EFF-42A5-807B-E4C280DC1F01}.Release|x64.Build.0 = Release|Any CPU
		{7317263D-4EFF-42A5-807B-E4C280DC1F01}.Release|x86.ActiveCfg = Release|Any CPU
		{7317263D-4EFF-42A5-807B-E4C280DC1F01}.Release|x86.Build.0 = Release|Any CPU
		{CE34AE4D-C718-4750-8B27-DB89F6760C52}.Debug|Any CPU.ActiveCfg = Debug|x86
		{CE34AE4D-C718-4750-8B27-DB89F6760C52}.Debug|ARM.ActiveCfg = Debug|ARM
		{CE34AE4D-C718-4750-8B27-DB89F6760C52}.Debug|ARM.Build.0 = Debug|ARM
		{CE34AE4D-C718-4750-8B27-DB89F6760C52}.Debug|ARM.Deploy.0 = Debug|ARM
		{CE34AE4D-C718-4750-8B27-DB89F6760C52}.Debug|x64.ActiveCfg = Debug|x64
		{CE34AE4D-C718-4750-8B27-DB89F6760C52}.Debug|x64.Build.0 = Debug|x64
		{CE34AE4D-C718-4750-8B27-DB89F6760C52}.Debug|x64.Deploy.0 = Debug|x64
		{CE34AE4D-C718-4750-8B27-DB89F6760C52}.Debug|x86.ActiveCfg = Debug|x86
		{CE34AE4D-C718-4750-8B27-DB89F6760C52}.Debug|x86.Build.0 = Debug|x86
		{CE34AE4D-C718-4750-8B27-DB89F6760C52}.Debug|x86.Deploy.0 = Debug|x86
		{CE34AE4D-C718-4750-8B27-DB89F6760C52}.Release|Any CPU.ActiveCfg = Release|x86
		{CE34AE4D-C718-4750-8B27-DB89F6760C52}.Release|ARM.ActiveCfg = Release|ARM
		{CE34AE4D-C718-4750-8B27-DB89F6760C52}.Release|ARM.Build.0 = Release|ARM
		{CE34AE4D-C718-4750-8B27-DB89F6760C52}.Release|ARM.Deploy.0 = Release|ARM
		{CE34AE4D-C718-4750-8B27-DB89F6760C52}.Release|x64.ActiveCfg = Release|x64
		{CE34AE4D-C718-4750-8B27-DB89F6760C52}.Release|x64.Build.0 = Release|x64
		{CE34AE4D-C718-4750-8B27-DB89F6760C52}.Release|x64.Deploy.0 = Release|x64
		{CE34AE4D-C718-4750-8B27-DB89F6760C52}.Release|x86.ActiveCfg = Release|x86
		{CE34AE4D-C718-4750-8B27-DB89F6760C52}.Release|x86.Build.0 = Release|x86
		{CE34AE4D-C718-4750-8B27-DB89F6760C52}.Release|x86.Deploy.0 = Release|x86
		{8FC2F444-77DF-4BAC-B4E7-F2DFEB494824}.Debug|Any CPU.ActiveCfg = Debug|x86
		{8FC2F444-77DF-4BAC-B4E7-F2DFEB494824}.Debug|ARM.ActiveCfg = Debug|ARM
		{8FC2F444-77DF-4BAC-B4E7-F2DFEB494824}.Debug|ARM.Build.0 = Debug|ARM
		{8FC2F444-77DF-4BAC-B4E7-F2DFEB494824}.Debug|ARM.Deploy.0 = Debug|ARM
		{8FC2F444-77DF-4BAC-B4E7-F2DFEB494824}.Debug|x64.ActiveCfg = Debug|x64
		{8FC2F444-77DF-4BAC-B4E7-F2DFEB494824}.Debug|x64.Build.0 = Debug|x64
		{8FC2F444-77DF-4BAC-B4E7-F2DFEB494824}.Debug|x64.Deploy.0 = Debug|x64
		{8FC2F444-77DF-4BAC-B4E7-F2DFEB494824}.Debug|x86.ActiveCfg = Debug|x86
		{8FC2F444-77DF-4BAC-B4E7-F2DFEB494824}.Debug|x86.Build.0 = Debug|x86
		{8FC2F444-77DF-4BAC-B4E7-F2DFEB494824}.Debug|x86.Deploy.0 = Debug|x86
		{8FC2F444-77DF-4BAC-B4E7-F2DFEB494824}.Release|Any CPU.ActiveCfg = Release|x86
		{8FC2F444-77DF-4BAC-B4E7-F2DFEB494824}.Release|ARM.ActiveCfg = Release|ARM
		{8FC2F444-77DF-4BAC-B4E7-F2DFEB494824}.Release|ARM.Build.0 = Release|ARM
		{8FC2F444-77DF-4BAC-B4E7-F2DFEB494824}.Release|ARM.Deploy.0 = Release|ARM
		{8FC2F444-77DF-4BAC-B4E7-F2DFEB494824}.Release|x64.ActiveCfg = Release|x64
		{8FC2F444-77DF-4BAC-B4E7-F2DFEB494824}.Release|x64.Build.0 = Release|x64
		{8FC2F444-77DF-4BAC-B4E7-F2DFEB494824}.Release|x64.Deploy.0 = Release|x64
		{8FC2F444-77DF-4BAC-B4E7-F2DFEB494824}.Release|x86.ActiveCfg = Release|x86
		{8FC2F444-77DF-4BAC-B4E7-F2DFEB494824}.Release|x86.Build.0 = Release|x86
		{8FC2F444-77DF-4BAC-B4E7-F2DFEB494824}.Release|x86.Deploy.0 = Release|x86
		{EED82FD5-B1E6-445E-9022-54EE83568004}.Debug|Any CPU.ActiveCfg = Debug|x86
		{EED82FD5-B1E6-445E-9022-54EE83568004}.Debug|ARM.ActiveCfg = Debug|ARM
		{EED82FD5-B1E6-445E-9022-54EE83568004}.Debug|ARM.Build.0 = Debug|ARM
		{EED82FD5-B1E6-445E-9022-54EE83568004}.Debug|ARM.Deploy.0 = Debug|ARM
		{EED82FD5-B1E6-445E-9022-54EE83568004}.Debug|x64.ActiveCfg = Debug|x64
		{EED82FD5-B1E6-445E-9022-54EE83568004}.Debug|x64.Build.0 = Debug|x64
		{EED82FD5-B1E6-445E-9022-54EE83568004}.Debug|x64.Deploy.0 = Debug|x64
		{EED82FD5-B1E6-445E-9022-54EE83568004}.Debug|x86.ActiveCfg = Debug|x86
		{EED82FD5-B1E6-445E-9022-54EE83568004}.Debug|x86.Build.0 = Debug|x86
		{EED82FD5-B1E6-445E-9022-54EE83568004}.Debug|x86.Deploy.0 = Debug|x86
		{EED82FD5-B1E6-445E-9022-54EE83568004}.Release|Any CPU.ActiveCfg = Release|x86
		{EED82FD5-B1E6-445E-9022-54EE83568004}.Release|ARM.ActiveCfg = Release|ARM
		{EED82FD5-B1E6-445E-9022-54EE83568004}.Release|ARM.Build.0 = Release|ARM
		{EED82FD5-B1E6-445E-9022-54EE83568004}.Release|ARM.Deploy.0 = Release|ARM
		{EED82FD5-B1E6-445E-9022-54EE83568004}.Release|x64.ActiveCfg = Release|x64
		{EED82FD5-B1E6-445E-9022-54EE83568004}.Release|x64.Build.0 = Release|x64
		{EED82FD5-B1E6-445E-9022-54EE83568004}.Release|x64.Deploy.0 = Release|x64
		{EED82FD5-B1E6-445E-9022-54EE83568004}.Release|x86.ActiveCfg = Release|x86
		{EED82FD5-B1E6-445E-9022-54EE83568004}.Release|x86.Build.0 = Release|x86
		{EED82FD5-B1E6-445E-9022-54EE83568004}.Release|x86.Deploy.0 = Release|x86
		{B6A43E0E-C408-45BA-9213-E01DC726D95F}.Debug|Any CPU.ActiveCfg = Debug|x86
		{B6A43E0E-C408-45BA-9213-E01DC726D95F}.Debug|ARM.ActiveCfg = Debug|ARM
		{B6A43E0E-C408-45BA-9213-E01DC726D95F}.Debug|ARM.Build.0 = Debug|ARM
		{B6A43E0E-C408-45BA-9213-E01DC726D95F}.Debug|ARM.Deploy.0 = Debug|ARM
		{B6A43E0E-C408-45BA-9213-E01DC726D95F}.Debug|x64.ActiveCfg = Debug|x64
		{B6A43E0E-C408-45BA-9213-E01DC726D95F}.Debug|x64.Build.0 = Debug|x64
		{B6A43E0E-C408-45BA-9213-E01DC726D95F}.Debug|x64.Deploy.0 = Debug|x64
		{B6A43E0E-C408-45BA-9213-E01DC726D95F}.Debug|x86.ActiveCfg = Debug|x86
		{B6A43E0E-C408-45BA-9213-E01DC726D95F}.Debug|x86.Build.0 = Debug|x86
		{B6A43E0E-C408-45BA-9213-E01DC726D95F}.Debug|x86.Deploy.0 = Debug|x86
		{B6A43E0E-C408-45BA-9213-E01DC726D95F}.Release|Any CPU.ActiveCfg = Release|x86
		{B6A43E0E-C408-45BA-9213-E01DC726D95F}.Release|ARM.ActiveCfg = Release|ARM
		{B6A43E0E-C408-45BA-9213-E01DC726D95F}.Release|ARM.Build.0 = Release|ARM
		{B6A43E0E-C408-45BA-9213-E01DC726D95F}.Release|ARM.Deploy.0 = Release|ARM
		{B6A43E0E-C408-45BA-9213-E01DC726D95F}.Release|x64.ActiveCfg = Release|x64
		{B6A43E0E-C408-45BA-9213-E01DC726D95F}.Release|x64.Build.0 = Release|x64
		{B6A43E0E-C408-45BA-9213-E01DC726D95F}.Release|x64.Deploy.0 = Release|x64
		{B6A43E0E-C408-45BA-9213-E01DC726D95F}.Release|x86.ActiveCfg = Release|x86
		{B6A43E0E-C408-45BA-9213-E01DC726D95F}.Release|x86.Build.0 = Release|x86
		{B6A43E0E-C408-45BA-9213-E01DC726D95F}.Release|x86.Deploy.0 = Release|x86
		{82D56214-823B-4073-A666-B9A3A68B7666}.Debug|Any CPU.ActiveCfg = Debug|x86
		{82D56214-823B-4073-A666-B9A3A68B7666}.Debug|ARM.ActiveCfg = Debug|ARM
		{82D56214-823B-4073-A666-B9A3A68B7666}.Debug|ARM.Build.0 = Debug|ARM
		{82D56214-823B-4073-A666-B9A3A68B7666}.Debug|ARM.Deploy.0 = Debug|ARM
		{82D56214-823B-4073-A666-B9A3A68B7666}.Debug|x64.ActiveCfg = Debug|x64
		{82D56214-823B-4073-A666-B9A3A68B7666}.Debug|x64.Build.0 = Debug|x64
		{82D56214-823B-4073-A666-B9A3A68B7666}.Debug|x64.Deploy.0 = Debug|x64
		{82D56214-823B-4073-A666-B9A3A68B7666}.Debug|x86.ActiveCfg = Debug|x86
		{82D56214-823B-4073-A666-B9A3A68B7666}.Debug|x86.Build.0 = Debug|x86
		{82D56214-823B-4073-A666-B9A3A68B7666}.Debug|x86.Deploy.0 = Debug|x86
		{82D56214-823B-4073-A666-B9A3A68B7666}.Release|Any CPU.ActiveCfg = Release|x86
		{82D56214-823B-4073-A666-B9A3A68B7666}.Release|ARM.ActiveCfg = Release|ARM
		{82D56214-823B-4073-A666-B9A3A68B7666}.Release|ARM.Build.0 = Release|ARM
		{82D56214-823B-4073-A666-B9A3A68B7666}.Release|ARM.Deploy.0 = Release|ARM
		{82D56214-823B-4073-A666-B9A3A68B7666}.Release|x64.ActiveCfg = Release|x64
		{82D56214-823B-4073-A666-B9A3A68B7666}.Release|x64.Build.0 = Release|x64
		{82D56214-823B-4073-A666-B9A3A68B7666}.Release|x64.Deploy.0 = Release|x64
		{82D56214-823B-4073-A666-B9A3A68B7666}.Release|x86.ActiveCfg = Release|x86
		{82D56214-823B-4073-A666-B9A3A68B7666}.Release|x86.Build.0 = Release|x86
		{82D56214-823B-4073-A666-B9A3A68B7666}.Release|x86.Deploy.0 = Release|x86
		{81D73106-85F2-4D9D-921A-99B97D1733F2}.Debug|Any CPU.ActiveCfg = Debug|Any CPU
		{81D73106-85F2-4D9D-921A-99B97D1733F2}.Debug|Any CPU.Build.0 = Debug|Any CPU
		{81D73106-85F2-4D9D-921A-99B97D1733F2}.Debug|ARM.ActiveCfg = Debug|Any CPU
		{81D73106-85F2-4D9D-921A-99B97D1733F2}.Debug|ARM.Build.0 = Debug|Any CPU
		{81D73106-85F2-4D9D-921A-99B97D1733F2}.Debug|x64.ActiveCfg = Debug|Any CPU
		{81D73106-85F2-4D9D-921A-99B97D1733F2}.Debug|x64.Build.0 = Debug|Any CPU
		{81D73106-85F2-4D9D-921A-99B97D1733F2}.Debug|x86.ActiveCfg = Debug|Any CPU
		{81D73106-85F2-4D9D-921A-99B97D1733F2}.Debug|x86.Build.0 = Debug|Any CPU
		{81D73106-85F2-4D9D-921A-99B97D1733F2}.Release|Any CPU.ActiveCfg = Release|Any CPU
		{81D73106-85F2-4D9D-921A-99B97D1733F2}.Release|Any CPU.Build.0 = Release|Any CPU
		{81D73106-85F2-4D9D-921A-99B97D1733F2}.Release|ARM.ActiveCfg = Release|Any CPU
		{81D73106-85F2-4D9D-921A-99B97D1733F2}.Release|ARM.Build.0 = Release|Any CPU
		{81D73106-85F2-4D9D-921A-99B97D1733F2}.Release|x64.ActiveCfg = Release|Any CPU
		{81D73106-85F2-4D9D-921A-99B97D1733F2}.Release|x64.Build.0 = Release|Any CPU
		{81D73106-85F2-4D9D-921A-99B97D1733F2}.Release|x86.ActiveCfg = Release|Any CPU
		{81D73106-85F2-4D9D-921A-99B97D1733F2}.Release|x86.Build.0 = Release|Any CPU
	EndGlobalSection
	GlobalSection(SolutionProperties) = preSolution
		HideSolutionNode = FALSE
	EndGlobalSection
	GlobalSection(ExtensibilityGlobals) = postSolution
		SolutionGuid = {CCD84A3D-13CB-40FD-A4A1-6CD0252EF86C}
	EndGlobalSection
EndGlobal
